
Microsoft Visual Studio Solution File, Format Version 12.00
# Visual Studio Version 17
VisualStudioVersion = 17.5.33424.131
MinimumVisualStudioVersion = 15.0.26124.0
Project("{2150E333-8FDC-42A3-9474-1A3956D46DE8}") = "Solution Items", "Solution Items", "{0C4F0391-8A5A-4225-B356-01EFA94672AB}"
	ProjectSection(SolutionItems) = preProject
		.github\workflows\BuildAndPack.yml = .github\workflows\BuildAndPack.yml
		Directory.Build.props = Directory.Build.props
		README.md = README.md
		releasenotes.props = releasenotes.props
		version.props = version.props
	EndProjectSection
EndProject
Project("{9A19103F-16F7-4668-BE54-9A1E7A4F7556}") = "StronglyTypedIds", "src\StronglyTypedIds\StronglyTypedIds.csproj", "{545CC9E7-B457-41D0-A5D1-F103671D1D15}"
EndProject
Project("{9A19103F-16F7-4668-BE54-9A1E7A4F7556}") = "StronglyTypedIds.Attributes", "src\StronglyTypedIds.Attributes\StronglyTypedIds.Attributes.csproj", "{A1E04B27-76F9-4933-97BD-D90DBC4876F5}"
EndProject
Global
	GlobalSection(SolutionConfigurationPlatforms) = preSolution
		Debug|Any CPU = Debug|Any CPU
		Release|Any CPU = Release|Any CPU
	EndGlobalSection
	GlobalSection(ProjectConfigurationPlatforms) = postSolution
		{545CC9E7-B457-41D0-A5D1-F103671D1D15}.Debug|Any CPU.ActiveCfg = Debug|Any CPU
		{545CC9E7-B457-41D0-A5D1-F103671D1D15}.Debug|Any CPU.Build.0 = Debug|Any CPU
		{545CC9E7-B457-41D0-A5D1-F103671D1D15}.Release|Any CPU.ActiveCfg = Release|Any CPU
		{545CC9E7-B457-41D0-A5D1-F103671D1D15}.Release|Any CPU.Build.0 = Release|Any CPU
		{A1E04B27-76F9-4933-97BD-D90DBC4876F5}.Debug|Any CPU.ActiveCfg = Debug|Any CPU
		{A1E04B27-76F9-4933-97BD-D90DBC4876F5}.Debug|Any CPU.Build.0 = Debug|Any CPU
		{A1E04B27-76F9-4933-97BD-D90DBC4876F5}.Release|Any CPU.ActiveCfg = Release|Any CPU
		{A1E04B27-76F9-4933-97BD-D90DBC4876F5}.Release|Any CPU.Build.0 = Release|Any CPU
	EndGlobalSection
	GlobalSection(SolutionProperties) = preSolution
		HideSolutionNode = FALSE
	EndGlobalSection
	GlobalSection(ExtensibilityGlobals) = postSolution
		SolutionGuid = {8D1F0534-B8AD-4CFA-9C14-CBC757BCB1E1}
	EndGlobalSection
EndGlobal
